<?xml version="1.0" encoding="utf-8"?>
<Project ToolsVersion="4.0" xmlns="http://schemas.microsoft.com/developer/msbuild/2003">
  <ItemGroup>
    <Filter Include="Header Files">
      <UniqueIdentifier>{93995380-89BD-4b04-88EB-625FBE52EBFB}</UniqueIdentifier>
      <Extensions>h;hh;hpp;hxx;hm;inl;inc;xsd</Extensions>
    </Filter>
    <Filter Include="Resource Files">
      <UniqueIdentifier>{67DA6AB6-F800-4c08-8B7A-83BB121AAD01}</UniqueIdentifier>
      <Extensions>rc;ico;cur;bmp;dlg;rc2;rct;bin;rgs;gif;jpg;jpeg;jpe;resx;tiff;tif;png;wav;mfcribbon-ms</Extensions>
    </Filter>
    <Filter Include="Header Files\alglib">
      <UniqueIdentifier>{db2708d4-5129-4525-a4ea-4345fb0ccd18}</UniqueIdentifier>
    </Filter>
    <Filter Include="Header Files\eye">
      <UniqueIdentifier>{d4ce2b34-6c1a-4c02-8acd-fa30ca290f9c}</UniqueIdentifier>
    </Filter>
    <Filter Include="Source Files">
      <UniqueIdentifier>{4FC737F1-C7A5-4376-A066-2A32D752A2FF}</UniqueIdentifier>
      <Extensions>cpp;c;cc;cxx;def;odl;idl;hpj;bat;asm;asmx</Extensions>
    </Filter>
    <Filter Include="Source Files\alglib">
      <UniqueIdentifier>{c1ab21aa-5cc5-47d1-ab7a-b6ad32e17685}</UniqueIdentifier>
    </Filter>
    <Filter Include="Source Files\eye">
      <UniqueIdentifier>{17746377-9a55-47ad-91d2-8ac11665959d}</UniqueIdentifier>
    </Filter>
  </ItemGroup>
  <ItemGroup>
    <ClInclude Include="draw.h">
      <Filter>Header Files\eye</Filter>
    </ClInclude>
    <ClInclude Include="eyelids.h">
      <Filter>Header Files\eye</Filter>
    </ClInclude>
    <ClInclude Include="edge_detector.h">
      <Filter>Header Files\eye</Filter>
    </ClInclude>
    <ClInclude Include="filter.h">
      <Filter>Header Files\eye</Filter>
    </ClInclude>
    <ClInclude Include="fitting.h">
      <Filter>Header Files\eye</Filter>
    </ClInclude>
    <ClInclude Include="image_utils.h">
      <Filter>Header Files\eye</Filter>
    </ClInclude>
    <ClInclude Include="iris.h">
      <Filter>Header Files\eye</Filter>
    </ClInclude>
    <ClInclude Include="alglibopencv.h">
      <Filter>Header Files\eye</Filter>
    </ClInclude>
    <ClInclude Include="alglib\alglibinternal.h">
      <Filter>Header Files\alglib</Filter>
    </ClInclude>
    <ClInclude Include="alglib\alglibmisc.h">
      <Filter>Header Files\alglib</Filter>
    </ClInclude>
    <ClInclude Include="alglib\ap.h">
      <Filter>Header Files\alglib</Filter>
    </ClInclude>
    <ClInclude Include="alglib\dataanalysis.h">
      <Filter>Header Files\alglib</Filter>
    </ClInclude>
    <ClInclude Include="alglib\diffequations.h">
      <Filter>Header Files\alglib</Filter>
    </ClInclude>
    <ClInclude Include="alglib\fasttransforms.h">
      <Filter>Header Files\alglib</Filter>
    </ClInclude>
    <ClInclude Include="alglib\integration.h">
      <Filter>Header Files\alglib</Filter>
    </ClInclude>
    <ClInclude Include="alglib\interpolation.h">
      <Filter>Header Files\alglib</Filter>
    </ClInclude>
    <ClInclude Include="alglib\linalg.h">
      <Filter>Header Files\alglib</Filter>
    </ClInclude>
    <ClInclude Include="alglib\optimization.h">
      <Filter>Header Files\alglib</Filter>
    </ClInclude>
    <ClInclude Include="alglib\solvers.h">
      <Filter>Header Files\alglib</Filter>
    </ClInclude>
    <ClInclude Include="alglib\specialfunctions.h">
      <Filter>Header Files\alglib</Filter>
    </ClInclude>
    <ClInclude Include="alglib\statistics.h">
      <Filter>Header Files\alglib</Filter>
    </ClInclude>
    <ClInclude Include="alglib\stdafx.h">
      <Filter>Header Files\alglib</Filter>
    </ClInclude>
  </ItemGroup>
  <ItemGroup>
    <ClCompile Include="draw.cpp">
      <Filter>Source Files\eye</Filter>
    </ClCompile>
    <ClCompile Include="edge_detector.cpp">
      <Filter>Source Files\eye</Filter>
    </ClCompile>
    <ClCompile Include="eyelids.cpp">
      <Filter>Source Files\eye</Filter>
    </ClCompile>
    <ClCompile Include="filter.cpp">
      <Filter>Source Files\eye</Filter>
    </ClCompile>
    <ClCompile Include="fitting.cpp">
      <Filter>Source Files\eye</Filter>
    </ClCompile>
    <ClCompile Include="image_utils.cpp">
      <Filter>Source Files\eye</Filter>
    </ClCompile>
    <ClCompile Include="iris.cpp">
      <Filter>Source Files\eye</Filter>
    </ClCompile>
    <ClCompile Include="alglibopencv.cpp">
      <Filter>Source Files\eye</Filter>
    </ClCompile>
    <ClCompile Include="alglib\alglibinternal.cpp">
      <Filter>Source Files\alglib</Filter>
    </ClCompile>
    <ClCompile Include="alglib\alglibmisc.cpp">
      <Filter>Source Files\alglib</Filter>
    </ClCompile>
    <ClCompile Include="alglib\ap.cpp">
      <Filter>Source Files\alglib</Filter>
    </ClCompile>
    <ClCompile Include="alglib\dataanalysis.cpp">
      <Filter>Source Files\alglib</Filter>
    </ClCompile>
    <ClCompile Include="alglib\diffequations.cpp">
      <Filter>Source Files\alglib</Filter>
    </ClCompile>
    <ClCompile Include="alglib\fasttransforms.cpp">
      <Filter>Source Files\alglib</Filter>
    </ClCompile>
    <ClCompile Include="alglib\integration.cpp">
      <Filter>Source Files\alglib</Filter>
    </ClCompile>
    <ClCompile Include="alglib\interpolation.cpp">
      <Filter>Source Files\alglib</Filter>
    </ClCompile>
    <ClCompile Include="alglib\linalg.cpp">
      <Filter>Source Files\alglib</Filter>
    </ClCompile>
    <ClCompile Include="alglib\optimization.cpp">
      <Filter>Source Files\alglib</Filter>
    </ClCompile>
    <ClCompile Include="alglib\solvers.cpp">
      <Filter>Source Files\alglib</Filter>
    </ClCompile>
    <ClCompile Include="alglib\specialfunctions.cpp">
      <Filter>Source Files\alglib</Filter>
    </ClCompile>
    <ClCompile Include="alglib\statistics.cpp">
      <Filter>Source Files\alglib</Filter>
    </ClCompile>
    <ClCompile Include="test_main.cpp">
      <Filter>Source Files</Filter>
    </ClCompile>
  </ItemGroup>
</Project>